
Microsoft Visual Studio Solution File, Format Version 12.00
# Visual Studio 15
VisualStudioVersion = 15.0.27703.2026
MinimumVisualStudioVersion = 10.0.40219.1
Project("{FAE04EC0-301F-11D3-BF4B-00C04F79EFBC}") = "CS480_Project_02", "CS480_Project_02\CS480_Project_02.csproj", "{A8B90E33-FC63-4A97-BD4A-12E747586577}"
EndProject
Global
	GlobalSection(SolutionConfigurationPlatforms) = preSolution
		Debug|Any CPU = Debug|Any CPU
		Release|Any CPU = Release|Any CPU
	EndGlobalSection
	GlobalSection(ProjectConfigurationPlatforms) = postSolution
		{A8B90E33-FC63-4A97-BD4A-12E747586577}.Debug|Any CPU.ActiveCfg = Debug|Any CPU
		{A8B90E33-FC63-4A97-BD4A-12E747586577}.Debug|Any CPU.Build.0 = Debug|Any CPU
		{A8B90E33-FC63-4A97-BD4A-12E747586577}.Release|Any CPU.ActiveCfg = Release|Any CPU
		{A8B90E33-FC63-4A97-BD4A-12E747586577}.Release|Any CPU.Build.0 = Release|Any CPU
	EndGlobalSection
	GlobalSection(SolutionProperties) = preSolution
		HideSolutionNode = FALSE
	EndGlobalSection
	GlobalSection(ExtensibilityGlobals) = postSolution
		SolutionGuid = {6FCAF866-3181-4059-952A-BBD6ED0F6A63}
	EndGlobalSection
EndGlobal
